{
    "_readme": [
        "This file locks the dependencies of your project to a known state",
        "Read more about it at http://getcomposer.org/doc/01-basic-usage.md#composer-lock-the-lock-file",
        "This file is @generated automatically"
    ],
    "hash": "883cbf8854fc964785a571174ab90736",
    "packages": [
        {
            "name": "attm2x/m2x-php",
            "version": "2.0.2",
            "source": {
                "type": "git",
                "url": "https://github.com/attm2x/m2x-php.git",
                "reference": "6d95ae1007aa1af4d188047397505fbd16eb5f7d"
            },
            "dist": {
                "type": "zip",
                "url": "https://api.github.com/repos/attm2x/m2x-php/zipball/6d95ae1007aa1af4d188047397505fbd16eb5f7d",
                "reference": "6d95ae1007aa1af4d188047397505fbd16eb5f7d",
                "shasum": ""
            },
            "require": {
                "php": ">=5.3.2"
            },
            "require-dev": {
                "phpunit/phpunit": "4.3.*"
            },
            "type": "library",
            "autoload": {
                "psr-4": {
                    "Att\\M2X\\": "src"
                }
            },
            "notification-url": "https://packagist.org/downloads/",
            "license": [
                "MIT"
            ],
            "authors": [
                {
                    "name": "Jelle Henkens",
                    "email": "jelle@citrusbyte.com"
                },
                {
                    "name": "Lautaro Orazi",
                    "email": "taro@citrusbyte.com"
                }
            ],
            "description": "AT&T’s M2X is a cloud-based fully managed data storage service for network connected machine-to-machine (M2M) devices. From trucks and turbines to vending machines and freight containers, M2X enables the devices that power your business to connect and share valuable data.",
            "keywords": [
                "api",
                "att",
                "m2x"
            ],
            "time": "2015-03-16 22:02:14"
        }
    ],
    "packages-dev": [],
    "aliases": [],
    "minimum-stability": "stable",
    "stability-flags": [],
    "prefer-stable": false,
    "platform": [],
    "platform-dev": []
}
